
Microsoft Visual Studio Solution File, Format Version 12.00
# Visual Studio 15
VisualStudioVersion = 15.0.26124.0
MinimumVisualStudioVersion = 15.0.26124.0
Project("{2150E333-8FDC-42A3-9474-1A3956D46DE8}") = "src", "src", "{7311FFB8-23CC-44EC-AC8A-C766B16D1C32}"
EndProject
Project("{2150E333-8FDC-42A3-9474-1A3956D46DE8}") = "test", "test", "{32A966BD-CC7C-46FF-A914-F3F72237AAB7}"
EndProject
Project("{2150E333-8FDC-42A3-9474-1A3956D46DE8}") = "Identity.Tests", "Identity.Tests", "{0850D8C4-ED30-458A-870E-FD0A776164AA}"
EndProject
Project("{FAE04EC0-301F-11D3-BF4B-00C04F79EFBC}") = "UnitTests", "test\Identity.Tests\UnitTests\UnitTests.csproj", "{04899EC9-8E7E-4EBD-B0B0-93492AD24D86}"
EndProject
Project("{FAE04EC0-301F-11D3-BF4B-00C04F79EFBC}") = "CoreMultiTenancy.Core", "src\CoreMultiTenancy.Core\CoreMultiTenancy.Core.csproj", "{942E20CA-DA22-4FA8-A825-30381F87C7F2}"
EndProject
Project("{FAE04EC0-301F-11D3-BF4B-00C04F79EFBC}") = "CoreMultiTenancy.Client", "src\CoreMultiTenancy.Client\CoreMultiTenancy.Client.csproj", "{021963CA-7038-43BB-A785-7695D6A91CC6}"
EndProject
Project("{FAE04EC0-301F-11D3-BF4B-00C04F79EFBC}") = "CoreMultiTenancy.Api", "src\CoreMultiTenancy.Api\CoreMultiTenancy.Api.csproj", "{A65CBD5D-619A-43AC-A3DA-3F1CE7897BC9}"
EndProject
Project("{FAE04EC0-301F-11D3-BF4B-00C04F79EFBC}") = "CoreMultiTenancy.Identity", "src\CoreMultiTenancy.Identity\CoreMultiTenancy.Identity.csproj", "{F3FAA103-B8D7-4C51-9D2D-31E76EF42084}"
EndProject
Global
	GlobalSection(SolutionConfigurationPlatforms) = preSolution
		Debug|Any CPU = Debug|Any CPU
		Debug|x64 = Debug|x64
		Debug|x86 = Debug|x86
		Release|Any CPU = Release|Any CPU
		Release|x64 = Release|x64
		Release|x86 = Release|x86
	EndGlobalSection
	GlobalSection(SolutionProperties) = preSolution
		HideSolutionNode = FALSE
	EndGlobalSection
	GlobalSection(ProjectConfigurationPlatforms) = postSolution
		{04899EC9-8E7E-4EBD-B0B0-93492AD24D86}.Debug|Any CPU.ActiveCfg = Debug|Any CPU
		{04899EC9-8E7E-4EBD-B0B0-93492AD24D86}.Debug|Any CPU.Build.0 = Debug|Any CPU
		{04899EC9-8E7E-4EBD-B0B0-93492AD24D86}.Debug|x64.ActiveCfg = Debug|Any CPU
		{04899EC9-8E7E-4EBD-B0B0-93492AD24D86}.Debug|x64.Build.0 = Debug|Any CPU
		{04899EC9-8E7E-4EBD-B0B0-93492AD24D86}.Debug|x86.ActiveCfg = Debug|Any CPU
		{04899EC9-8E7E-4EBD-B0B0-93492AD24D86}.Debug|x86.Build.0 = Debug|Any CPU
		{04899EC9-8E7E-4EBD-B0B0-93492AD24D86}.Release|Any CPU.ActiveCfg = Release|Any CPU
		{04899EC9-8E7E-4EBD-B0B0-93492AD24D86}.Release|Any CPU.Build.0 = Release|Any CPU
		{04899EC9-8E7E-4EBD-B0B0-93492AD24D86}.Release|x64.ActiveCfg = Release|Any CPU
		{04899EC9-8E7E-4EBD-B0B0-93492AD24D86}.Release|x64.Build.0 = Release|Any CPU
		{04899EC9-8E7E-4EBD-B0B0-93492AD24D86}.Release|x86.ActiveCfg = Release|Any CPU
		{04899EC9-8E7E-4EBD-B0B0-93492AD24D86}.Release|x86.Build.0 = Release|Any CPU
		{942E20CA-DA22-4FA8-A825-30381F87C7F2}.Debug|Any CPU.ActiveCfg = Debug|Any CPU
		{942E20CA-DA22-4FA8-A825-30381F87C7F2}.Debug|Any CPU.Build.0 = Debug|Any CPU
		{942E20CA-DA22-4FA8-A825-30381F87C7F2}.Debug|x64.ActiveCfg = Debug|Any CPU
		{942E20CA-DA22-4FA8-A825-30381F87C7F2}.Debug|x64.Build.0 = Debug|Any CPU
		{942E20CA-DA22-4FA8-A825-30381F87C7F2}.Debug|x86.ActiveCfg = Debug|Any CPU
		{942E20CA-DA22-4FA8-A825-30381F87C7F2}.Debug|x86.Build.0 = Debug|Any CPU
		{942E20CA-DA22-4FA8-A825-30381F87C7F2}.Release|Any CPU.ActiveCfg = Release|Any CPU
		{942E20CA-DA22-4FA8-A825-30381F87C7F2}.Release|Any CPU.Build.0 = Release|Any CPU
		{942E20CA-DA22-4FA8-A825-30381F87C7F2}.Release|x64.ActiveCfg = Release|Any CPU
		{942E20CA-DA22-4FA8-A825-30381F87C7F2}.Release|x64.Build.0 = Release|Any CPU
		{942E20CA-DA22-4FA8-A825-30381F87C7F2}.Release|x86.ActiveCfg = Release|Any CPU
		{942E20CA-DA22-4FA8-A825-30381F87C7F2}.Release|x86.Build.0 = Release|Any CPU
		{021963CA-7038-43BB-A785-7695D6A91CC6}.Debug|Any CPU.ActiveCfg = Debug|Any CPU
		{021963CA-7038-43BB-A785-7695D6A91CC6}.Debug|Any CPU.Build.0 = Debug|Any CPU
		{021963CA-7038-43BB-A785-7695D6A91CC6}.Debug|x64.ActiveCfg = Debug|Any CPU
		{021963CA-7038-43BB-A785-7695D6A91CC6}.Debug|x64.Build.0 = Debug|Any CPU
		{021963CA-7038-43BB-A785-7695D6A91CC6}.Debug|x86.ActiveCfg = Debug|Any CPU
		{021963CA-7038-43BB-A785-7695D6A91CC6}.Debug|x86.Build.0 = Debug|Any CPU
		{021963CA-7038-43BB-A785-7695D6A91CC6}.Release|Any CPU.ActiveCfg = Release|Any CPU
		{021963CA-7038-43BB-A785-7695D6A91CC6}.Release|Any CPU.Build.0 = Release|Any CPU
		{021963CA-7038-43BB-A785-7695D6A91CC6}.Release|x64.ActiveCfg = Release|Any CPU
		{021963CA-7038-43BB-A785-7695D6A91CC6}.Release|x64.Build.0 = Release|Any CPU
		{021963CA-7038-43BB-A785-7695D6A91CC6}.Release|x86.ActiveCfg = Release|Any CPU
		{021963CA-7038-43BB-A785-7695D6A91CC6}.Release|x86.Build.0 = Release|Any CPU
		{A65CBD5D-619A-43AC-A3DA-3F1CE7897BC9}.Debug|Any CPU.ActiveCfg = Debug|Any CPU
		{A65CBD5D-619A-43AC-A3DA-3F1CE7897BC9}.Debug|Any CPU.Build.0 = Debug|Any CPU
		{A65CBD5D-619A-43AC-A3DA-3F1CE7897BC9}.Debug|x64.ActiveCfg = Debug|Any CPU
		{A65CBD5D-619A-43AC-A3DA-3F1CE7897BC9}.Debug|x64.Build.0 = Debug|Any CPU
		{A65CBD5D-619A-43AC-A3DA-3F1CE7897BC9}.Debug|x86.ActiveCfg = Debug|Any CPU
		{A65CBD5D-619A-43AC-A3DA-3F1CE7897BC9}.Debug|x86.Build.0 = Debug|Any CPU
		{A65CBD5D-619A-43AC-A3DA-3F1CE7897BC9}.Release|Any CPU.ActiveCfg = Release|Any CPU
		{A65CBD5D-619A-43AC-A3DA-3F1CE7897BC9}.Release|Any CPU.Build.0 = Release|Any CPU
		{A65CBD5D-619A-43AC-A3DA-3F1CE7897BC9}.Release|x64.ActiveCfg = Release|Any CPU
		{A65CBD5D-619A-43AC-A3DA-3F1CE7897BC9}.Release|x64.Build.0 = Release|Any CPU
		{A65CBD5D-619A-43AC-A3DA-3F1CE7897BC9}.Release|x86.ActiveCfg = Release|Any CPU
		{A65CBD5D-619A-43AC-A3DA-3F1CE7897BC9}.Release|x86.Build.0 = Release|Any CPU
		{F3FAA103-B8D7-4C51-9D2D-31E76EF42084}.Debug|Any CPU.ActiveCfg = Debug|Any CPU
		{F3FAA103-B8D7-4C51-9D2D-31E76EF42084}.Debug|Any CPU.Build.0 = Debug|Any CPU
		{F3FAA103-B8D7-4C51-9D2D-31E76EF42084}.Debug|x64.ActiveCfg = Debug|Any CPU
		{F3FAA103-B8D7-4C51-9D2D-31E76EF42084}.Debug|x64.Build.0 = Debug|Any CPU
		{F3FAA103-B8D7-4C51-9D2D-31E76EF42084}.Debug|x86.ActiveCfg = Debug|Any CPU
		{F3FAA103-B8D7-4C51-9D2D-31E76EF42084}.Debug|x86.Build.0 = Debug|Any CPU
		{F3FAA103-B8D7-4C51-9D2D-31E76EF42084}.Release|Any CPU.ActiveCfg = Release|Any CPU
		{F3FAA103-B8D7-4C51-9D2D-31E76EF42084}.Release|Any CPU.Build.0 = Release|Any CPU
		{F3FAA103-B8D7-4C51-9D2D-31E76EF42084}.Release|x64.ActiveCfg = Release|Any CPU
		{F3FAA103-B8D7-4C51-9D2D-31E76EF42084}.Release|x64.Build.0 = Release|Any CPU
		{F3FAA103-B8D7-4C51-9D2D-31E76EF42084}.Release|x86.ActiveCfg = Release|Any CPU
		{F3FAA103-B8D7-4C51-9D2D-31E76EF42084}.Release|x86.Build.0 = Release|Any CPU
	EndGlobalSection
	GlobalSection(NestedProjects) = preSolution
		{0850D8C4-ED30-458A-870E-FD0A776164AA} = {32A966BD-CC7C-46FF-A914-F3F72237AAB7}
		{04899EC9-8E7E-4EBD-B0B0-93492AD24D86} = {0850D8C4-ED30-458A-870E-FD0A776164AA}
		{942E20CA-DA22-4FA8-A825-30381F87C7F2} = {7311FFB8-23CC-44EC-AC8A-C766B16D1C32}
		{021963CA-7038-43BB-A785-7695D6A91CC6} = {7311FFB8-23CC-44EC-AC8A-C766B16D1C32}
		{A65CBD5D-619A-43AC-A3DA-3F1CE7897BC9} = {7311FFB8-23CC-44EC-AC8A-C766B16D1C32}
		{F3FAA103-B8D7-4C51-9D2D-31E76EF42084} = {7311FFB8-23CC-44EC-AC8A-C766B16D1C32}
	EndGlobalSection
EndGlobal
