
Microsoft Visual Studio Solution File, Format Version 12.00
# Visual Studio 15
VisualStudioVersion = 15.0.26124.0
MinimumVisualStudioVersion = 15.0.26124.0
Project("{2150E333-8FDC-42A3-9474-1A3956D46DE8}") = "src", "src", "{7311FFB8-23CC-44EC-AC8A-C766B16D1C32}"
EndProject
Project("{FAE04EC0-301F-11D3-BF4B-00C04F79EFBC}") = "CoreMultiTenancy.Api", "src\CoreMultiTenancy.Api\CoreMultiTenancy.Api.csproj", "{2CECA83F-0A7A-4865-B30F-FC873D242EEA}"
EndProject
Project("{FAE04EC0-301F-11D3-BF4B-00C04F79EFBC}") = "CoreMultiTenancy.Identity", "src\CoreMultiTenancy.Identity\CoreMultiTenancy.Identity.csproj", "{E6FF7F21-75E4-483C-BF6B-4603CD037546}"
EndProject
Project("{FAE04EC0-301F-11D3-BF4B-00C04F79EFBC}") = "CoreMultiTenancy.Mvc", "src\CoreMultiTenancy.Mvc\CoreMultiTenancy.Mvc.csproj", "{A806DBCF-0F69-4DAB-8FC6-69E021538726}"
EndProject
Project("{2150E333-8FDC-42A3-9474-1A3956D46DE8}") = "test", "test", "{32A966BD-CC7C-46FF-A914-F3F72237AAB7}"
EndProject
Project("{2150E333-8FDC-42A3-9474-1A3956D46DE8}") = "Identity.Tests", "Identity.Tests", "{0850D8C4-ED30-458A-870E-FD0A776164AA}"
EndProject
Project("{FAE04EC0-301F-11D3-BF4B-00C04F79EFBC}") = "UnitTests", "test\Identity.Tests\UnitTests\UnitTests.csproj", "{04899EC9-8E7E-4EBD-B0B0-93492AD24D86}"
EndProject
Project("{FAE04EC0-301F-11D3-BF4B-00C04F79EFBC}") = "CoreMultiTenancy.Core", "src\CoreMultiTenancy.Core\CoreMultiTenancy.Core.csproj", "{942E20CA-DA22-4FA8-A825-30381F87C7F2}"
EndProject
Global
	GlobalSection(SolutionConfigurationPlatforms) = preSolution
		Debug|Any CPU = Debug|Any CPU
		Debug|x64 = Debug|x64
		Debug|x86 = Debug|x86
		Release|Any CPU = Release|Any CPU
		Release|x64 = Release|x64
		Release|x86 = Release|x86
	EndGlobalSection
	GlobalSection(SolutionProperties) = preSolution
		HideSolutionNode = FALSE
	EndGlobalSection
	GlobalSection(ProjectConfigurationPlatforms) = postSolution
		{2CECA83F-0A7A-4865-B30F-FC873D242EEA}.Debug|Any CPU.ActiveCfg = Debug|Any CPU
		{2CECA83F-0A7A-4865-B30F-FC873D242EEA}.Debug|Any CPU.Build.0 = Debug|Any CPU
		{2CECA83F-0A7A-4865-B30F-FC873D242EEA}.Debug|x64.ActiveCfg = Debug|Any CPU
		{2CECA83F-0A7A-4865-B30F-FC873D242EEA}.Debug|x64.Build.0 = Debug|Any CPU
		{2CECA83F-0A7A-4865-B30F-FC873D242EEA}.Debug|x86.ActiveCfg = Debug|Any CPU
		{2CECA83F-0A7A-4865-B30F-FC873D242EEA}.Debug|x86.Build.0 = Debug|Any CPU
		{2CECA83F-0A7A-4865-B30F-FC873D242EEA}.Release|Any CPU.ActiveCfg = Release|Any CPU
		{2CECA83F-0A7A-4865-B30F-FC873D242EEA}.Release|Any CPU.Build.0 = Release|Any CPU
		{2CECA83F-0A7A-4865-B30F-FC873D242EEA}.Release|x64.ActiveCfg = Release|Any CPU
		{2CECA83F-0A7A-4865-B30F-FC873D242EEA}.Release|x64.Build.0 = Release|Any CPU
		{2CECA83F-0A7A-4865-B30F-FC873D242EEA}.Release|x86.ActiveCfg = Release|Any CPU
		{2CECA83F-0A7A-4865-B30F-FC873D242EEA}.Release|x86.Build.0 = Release|Any CPU
		{E6FF7F21-75E4-483C-BF6B-4603CD037546}.Debug|Any CPU.ActiveCfg = Debug|Any CPU
		{E6FF7F21-75E4-483C-BF6B-4603CD037546}.Debug|Any CPU.Build.0 = Debug|Any CPU
		{E6FF7F21-75E4-483C-BF6B-4603CD037546}.Debug|x64.ActiveCfg = Debug|Any CPU
		{E6FF7F21-75E4-483C-BF6B-4603CD037546}.Debug|x64.Build.0 = Debug|Any CPU
		{E6FF7F21-75E4-483C-BF6B-4603CD037546}.Debug|x86.ActiveCfg = Debug|Any CPU
		{E6FF7F21-75E4-483C-BF6B-4603CD037546}.Debug|x86.Build.0 = Debug|Any CPU
		{E6FF7F21-75E4-483C-BF6B-4603CD037546}.Release|Any CPU.ActiveCfg = Release|Any CPU
		{E6FF7F21-75E4-483C-BF6B-4603CD037546}.Release|Any CPU.Build.0 = Release|Any CPU
		{E6FF7F21-75E4-483C-BF6B-4603CD037546}.Release|x64.ActiveCfg = Release|Any CPU
		{E6FF7F21-75E4-483C-BF6B-4603CD037546}.Release|x64.Build.0 = Release|Any CPU
		{E6FF7F21-75E4-483C-BF6B-4603CD037546}.Release|x86.ActiveCfg = Release|Any CPU
		{E6FF7F21-75E4-483C-BF6B-4603CD037546}.Release|x86.Build.0 = Release|Any CPU
		{A806DBCF-0F69-4DAB-8FC6-69E021538726}.Debug|Any CPU.ActiveCfg = Debug|Any CPU
		{A806DBCF-0F69-4DAB-8FC6-69E021538726}.Debug|Any CPU.Build.0 = Debug|Any CPU
		{A806DBCF-0F69-4DAB-8FC6-69E021538726}.Debug|x64.ActiveCfg = Debug|Any CPU
		{A806DBCF-0F69-4DAB-8FC6-69E021538726}.Debug|x64.Build.0 = Debug|Any CPU
		{A806DBCF-0F69-4DAB-8FC6-69E021538726}.Debug|x86.ActiveCfg = Debug|Any CPU
		{A806DBCF-0F69-4DAB-8FC6-69E021538726}.Debug|x86.Build.0 = Debug|Any CPU
		{A806DBCF-0F69-4DAB-8FC6-69E021538726}.Release|Any CPU.ActiveCfg = Release|Any CPU
		{A806DBCF-0F69-4DAB-8FC6-69E021538726}.Release|Any CPU.Build.0 = Release|Any CPU
		{A806DBCF-0F69-4DAB-8FC6-69E021538726}.Release|x64.ActiveCfg = Release|Any CPU
		{A806DBCF-0F69-4DAB-8FC6-69E021538726}.Release|x64.Build.0 = Release|Any CPU
		{A806DBCF-0F69-4DAB-8FC6-69E021538726}.Release|x86.ActiveCfg = Release|Any CPU
		{A806DBCF-0F69-4DAB-8FC6-69E021538726}.Release|x86.Build.0 = Release|Any CPU
		{04899EC9-8E7E-4EBD-B0B0-93492AD24D86}.Debug|Any CPU.ActiveCfg = Debug|Any CPU
		{04899EC9-8E7E-4EBD-B0B0-93492AD24D86}.Debug|Any CPU.Build.0 = Debug|Any CPU
		{04899EC9-8E7E-4EBD-B0B0-93492AD24D86}.Debug|x64.ActiveCfg = Debug|Any CPU
		{04899EC9-8E7E-4EBD-B0B0-93492AD24D86}.Debug|x64.Build.0 = Debug|Any CPU
		{04899EC9-8E7E-4EBD-B0B0-93492AD24D86}.Debug|x86.ActiveCfg = Debug|Any CPU
		{04899EC9-8E7E-4EBD-B0B0-93492AD24D86}.Debug|x86.Build.0 = Debug|Any CPU
		{04899EC9-8E7E-4EBD-B0B0-93492AD24D86}.Release|Any CPU.ActiveCfg = Release|Any CPU
		{04899EC9-8E7E-4EBD-B0B0-93492AD24D86}.Release|Any CPU.Build.0 = Release|Any CPU
		{04899EC9-8E7E-4EBD-B0B0-93492AD24D86}.Release|x64.ActiveCfg = Release|Any CPU
		{04899EC9-8E7E-4EBD-B0B0-93492AD24D86}.Release|x64.Build.0 = Release|Any CPU
		{04899EC9-8E7E-4EBD-B0B0-93492AD24D86}.Release|x86.ActiveCfg = Release|Any CPU
		{04899EC9-8E7E-4EBD-B0B0-93492AD24D86}.Release|x86.Build.0 = Release|Any CPU
		{942E20CA-DA22-4FA8-A825-30381F87C7F2}.Debug|Any CPU.ActiveCfg = Debug|Any CPU
		{942E20CA-DA22-4FA8-A825-30381F87C7F2}.Debug|Any CPU.Build.0 = Debug|Any CPU
		{942E20CA-DA22-4FA8-A825-30381F87C7F2}.Debug|x64.ActiveCfg = Debug|Any CPU
		{942E20CA-DA22-4FA8-A825-30381F87C7F2}.Debug|x64.Build.0 = Debug|Any CPU
		{942E20CA-DA22-4FA8-A825-30381F87C7F2}.Debug|x86.ActiveCfg = Debug|Any CPU
		{942E20CA-DA22-4FA8-A825-30381F87C7F2}.Debug|x86.Build.0 = Debug|Any CPU
		{942E20CA-DA22-4FA8-A825-30381F87C7F2}.Release|Any CPU.ActiveCfg = Release|Any CPU
		{942E20CA-DA22-4FA8-A825-30381F87C7F2}.Release|Any CPU.Build.0 = Release|Any CPU
		{942E20CA-DA22-4FA8-A825-30381F87C7F2}.Release|x64.ActiveCfg = Release|Any CPU
		{942E20CA-DA22-4FA8-A825-30381F87C7F2}.Release|x64.Build.0 = Release|Any CPU
		{942E20CA-DA22-4FA8-A825-30381F87C7F2}.Release|x86.ActiveCfg = Release|Any CPU
		{942E20CA-DA22-4FA8-A825-30381F87C7F2}.Release|x86.Build.0 = Release|Any CPU
	EndGlobalSection
	GlobalSection(NestedProjects) = preSolution
		{2CECA83F-0A7A-4865-B30F-FC873D242EEA} = {7311FFB8-23CC-44EC-AC8A-C766B16D1C32}
		{E6FF7F21-75E4-483C-BF6B-4603CD037546} = {7311FFB8-23CC-44EC-AC8A-C766B16D1C32}
		{A806DBCF-0F69-4DAB-8FC6-69E021538726} = {7311FFB8-23CC-44EC-AC8A-C766B16D1C32}
		{0850D8C4-ED30-458A-870E-FD0A776164AA} = {32A966BD-CC7C-46FF-A914-F3F72237AAB7}
		{04899EC9-8E7E-4EBD-B0B0-93492AD24D86} = {0850D8C4-ED30-458A-870E-FD0A776164AA}
		{942E20CA-DA22-4FA8-A825-30381F87C7F2} = {7311FFB8-23CC-44EC-AC8A-C766B16D1C32}
	EndGlobalSection
EndGlobal
